
Microsoft Visual Studio Solution File, Format Version 12.00
# Visual Studio Version 17
VisualStudioVersion = 17.14.36429.23 d17.14
MinimumVisualStudioVersion = 10.0.40219.1
Project("{FAE04EC0-301F-11D3-BF4B-00C04F79EFBC}") = "ConstructorInheritanceApp", "ConstructorInheritanceApp.csproj", "{07D5CAF3-28E3-4E19-864D-7C9B6C986A03}"
EndProject
Global
	GlobalSection(SolutionConfigurationPlatforms) = preSolution
		Debug|Any CPU = Debug|Any CPU
		Release|Any CPU = Release|Any CPU
	EndGlobalSection
	GlobalSection(ProjectConfigurationPlatforms) = postSolution
		{07D5CAF3-28E3-4E19-864D-7C9B6C986A03}.Debug|Any CPU.ActiveCfg = Debug|Any CPU
		{07D5CAF3-28E3-4E19-864D-7C9B6C986A03}.Debug|Any CPU.Build.0 = Debug|Any CPU
		{07D5CAF3-28E3-4E19-864D-7C9B6C986A03}.Release|Any CPU.ActiveCfg = Release|Any CPU
		{07D5CAF3-28E3-4E19-864D-7C9B6C986A03}.Release|Any CPU.Build.0 = Release|Any CPU
	EndGlobalSection
	GlobalSection(SolutionProperties) = preSolution
		HideSolutionNode = FALSE
	EndGlobalSection
	GlobalSection(ExtensibilityGlobals) = postSolution
		SolutionGuid = {28CD0619-5661-48E6-B36C-AB9E4FC35840}
	EndGlobalSection
EndGlobal
